// !$*UTF8*$!
{
	archiveVersion = 1;
	classes = {
	};
	objectVersion = 50;
	objects = {

/* Begin PBXBuildFile section */
		59374575241E5F5900666169 /* AppDelegate.swift in Sources */ = {isa = PBXBuildFile; fileRef = 59374574241E5F5900666169 /* AppDelegate.swift */; };
		59374577241E5F5900666169 /* SceneDelegate.swift in Sources */ = {isa = PBXBuildFile; fileRef = 59374576241E5F5900666169 /* SceneDelegate.swift */; };
		59374579241E5F5900666169 /* ViewController.swift in Sources */ = {isa = PBXBuildFile; fileRef = 59374578241E5F5900666169 /* ViewController.swift */; };
		5937457C241E5F5900666169 /* Main.storyboard in Resources */ = {isa = PBXBuildFile; fileRef = 5937457A241E5F5900666169 /* Main.storyboard */; };
		5937457E241E5F5900666169 /* Assets.xcassets in Resources */ = {isa = PBXBuildFile; fileRef = 5937457D241E5F5900666169 /* Assets.xcassets */; };
		59374581241E5F5900666169 /* LaunchScreen.storyboard in Resources */ = {isa = PBXBuildFile; fileRef = 5937457F241E5F5900666169 /* LaunchScreen.storyboard */; };
		5937458C241E5F5A00666169 /* iamrichtest.swift in Sources */ = {isa = PBXBuildFile; fileRef = 5937458B241E5F5A00666169 /* iamrichtest.swift */; };
		59374597241E5F5A00666169 /* _1___I_Am_RichUITests.swift in Sources */ = {isa = PBXBuildFile; fileRef = 59374596241E5F5A00666169 /* _1___I_Am_RichUITests.swift */; };
/* End PBXBuildFile section */

/* Begin PBXContainerItemProxy section */
		59374588241E5F5A00666169 /* PBXContainerItemProxy */ = {
			isa = PBXContainerItemProxy;
			containerPortal = 59374569241E5F5900666169 /* Project object */;
			proxyType = 1;
			remoteGlobalIDString = 59374570241E5F5900666169;
			remoteInfo = "01 - I Am Rich";
		};
		59374593241E5F5A00666169 /* PBXContainerItemProxy */ = {
			isa = PBXContainerItemProxy;
			containerPortal = 59374569241E5F5900666169 /* Project object */;
			proxyType = 1;
			remoteGlobalIDString = 59374570241E5F5900666169;
			remoteInfo = "01 - I Am Rich";
		};
/* End PBXContainerItemProxy section */

/* Begin PBXFileReference section */
		59374571241E5F5900666169 /* 01 - I Am Rich.app */ = {isa = PBXFileReference; explicitFileType = wrapper.application; includeInIndex = 0; path = "01 - I Am Rich.app"; sourceTree = BUILT_PRODUCTS_DIR; };
		59374574241E5F5900666169 /* AppDelegate.swift */ = {isa = PBXFileReference; lastKnownFileType = sourcecode.swift; path = AppDelegate.swift; sourceTree = "<group>"; };
		59374576241E5F5900666169 /* SceneDelegate.swift */ = {isa = PBXFileReference; lastKnownFileType = sourcecode.swift; path = SceneDelegate.swift; sourceTree = "<group>"; };
		59374578241E5F5900666169 /* ViewController.swift */ = {isa = PBXFileReference; lastKnownFileType = sourcecode.swift; path = ViewController.swift; sourceTree = "<group>"; };
		5937457B241E5F5900666169 /* Base */ = {isa = PBXFileReference; lastKnownFileType = file.storyboard; name = Base; path = Base.lproj/Main.storyboard; sourceTree = "<group>"; };
		5937457D241E5F5900666169 /* Assets.xcassets */ = {isa = PBXFileReference; lastKnownFileType = folder.assetcatalog; path = Assets.xcassets; sourceTree = "<group>"; };
		59374580241E5F5900666169 /* Base */ = {isa = PBXFileReference; lastKnownFileType = file.storyboard; name = Base; path = Base.lproj/LaunchScreen.storyboard; sourceTree = "<group>"; };
		59374582241E5F5900666169 /* Info.plist */ = {isa = PBXFileReference; lastKnownFileType = text.plist.xml; path = Info.plist; sourceTree = "<group>"; };
		59374587241E5F5A00666169 /* 01 - I Am RichTests.xctest */ = {isa = PBXFileReference; explicitFileType = wrapper.cfbundle; includeInIndex = 0; path = "01 - I Am RichTests.xctest"; sourceTree = BUILT_PRODUCTS_DIR; };
		5937458B241E5F5A00666169 /* iamrichtest.swift */ = {isa = PBXFileReference; lastKnownFileType = sourcecode.swift; path = iamrichtest.swift; sourceTree = "<group>"; };
		5937458D241E5F5A00666169 /* Info.plist */ = {isa = PBXFileReference; lastKnownFileType = text.plist.xml; path = Info.plist; sourceTree = "<group>"; };
		59374592241E5F5A00666169 /* 01 - I Am RichUITests.xctest */ = {isa = PBXFileReference; explicitFileType = wrapper.cfbundle; includeInIndex = 0; path = "01 - I Am RichUITests.xctest"; sourceTree = BUILT_PRODUCTS_DIR; };
		59374596241E5F5A00666169 /* _1___I_Am_RichUITests.swift */ = {isa = PBXFileReference; lastKnownFileType = sourcecode.swift; path = "_1___I_Am_RichUITests.swift"; sourceTree = "<group>"; };
		59374598241E5F5A00666169 /* Info.plist */ = {isa = PBXFileReference; lastKnownFileType = text.plist.xml; path = Info.plist; sourceTree = "<group>"; };
/* End PBXFileReference section */

/* Begin PBXFrameworksBuildPhase section */
		5937456E241E5F5900666169 /* Frameworks */ = {
			isa = PBXFrameworksBuildPhase;
			buildActionMask = 2147483647;
			files = (
			);
			runOnlyForDeploymentPostprocessing = 0;
		};
		59374584241E5F5A00666169 /* Frameworks */ = {
			isa = PBXFrameworksBuildPhase;
			buildActionMask = 2147483647;
			files = (
			);
			runOnlyForDeploymentPostprocessing = 0;
		};
		5937458F241E5F5A00666169 /* Frameworks */ = {
			isa = PBXFrameworksBuildPhase;
			buildActionMask = 2147483647;
			files = (
			);
			runOnlyForDeploymentPostprocessing = 0;
		};
/* End PBXFrameworksBuildPhase section */

/* Begin PBXGroup section */
		59374568241E5F5900666169 = {
			isa = PBXGroup;
			children = (
				59374573241E5F5900666169 /* 01 - I Am Rich */,
				5937458A241E5F5A00666169 /* 01 - I Am RichTests */,
				59374595241E5F5A00666169 /* 01 - I Am RichUITests */,
				59374572241E5F5900666169 /* Products */,
			);
			sourceTree = "<group>";
		};
		59374572241E5F5900666169 /* Products */ = {
			isa = PBXGroup;
			children = (
				59374571241E5F5900666169 /* 01 - I Am Rich.app */,
				59374587241E5F5A00666169 /* 01 - I Am RichTests.xctest */,
				59374592241E5F5A00666169 /* 01 - I Am RichUITests.xctest */,
			);
			name = Products;
			sourceTree = "<group>";
		};
		59374573241E5F5900666169 /* 01 - I Am Rich */ = {
			isa = PBXGroup;
			children = (
				593745A4241E5FAA00666169 /* Storyboard */,
				59374574241E5F5900666169 /* AppDelegate.swift */,
				59374576241E5F5900666169 /* SceneDelegate.swift */,
				59374578241E5F5900666169 /* ViewController.swift */,
				5937457D241E5F5900666169 /* Assets.xcassets */,
				59374582241E5F5900666169 /* Info.plist */,
			);
			path = "01 - I Am Rich";
			sourceTree = "<group>";
		};
		5937458A241E5F5A00666169 /* 01 - I Am RichTests */ = {
			isa = PBXGroup;
			children = (
				5937458B241E5F5A00666169 /* iamrichtest.swift */,
				5937458D241E5F5A00666169 /* Info.plist */,
			);
			path = "01 - I Am RichTests";
			sourceTree = "<group>";
		};
		59374595241E5F5A00666169 /* 01 - I Am RichUITests */ = {
			isa = PBXGroup;
			children = (
				59374596241E5F5A00666169 /* _1___I_Am_RichUITests.swift */,
				59374598241E5F5A00666169 /* Info.plist */,
			);
			path = "01 - I Am RichUITests";
			sourceTree = "<group>";
		};
		593745A4241E5FAA00666169 /* Storyboard */ = {
			isa = PBXGroup;
			children = (
				5937457A241E5F5900666169 /* Main.storyboard */,
				5937457F241E5F5900666169 /* LaunchScreen.storyboard */,
			);
			path = Storyboard;
			sourceTree = "<group>";
		};
/* End PBXGroup section */

/* Begin PBXNativeTarget section */
		59374570241E5F5900666169 /* 01 - I Am Rich */ = {
			isa = PBXNativeTarget;
			buildConfigurationList = 5937459B241E5F5A00666169 /* Build configuration list for PBXNativeTarget "01 - I Am Rich" */;
			buildPhases = (
				5937456D241E5F5900666169 /* Sources */,
				5937456E241E5F5900666169 /* Frameworks */,
				5937456F241E5F5900666169 /* Resources */,
			);
			buildRules = (
			);
			dependencies = (
			);
			name = "01 - I Am Rich";
			productName = "01 - I Am Rich";
			productReference = 59374571241E5F5900666169 /* 01 - I Am Rich.app */;
			productType = "com.apple.product-type.application";
		};
		59374586241E5F5A00666169 /* 01 - I Am RichTests */ = {
			isa = PBXNativeTarget;
			buildConfigurationList = 5937459E241E5F5A00666169 /* Build configuration list for PBXNativeTarget "01 - I Am RichTests" */;
			buildPhases = (
				59374583241E5F5A00666169 /* Sources */,
				59374584241E5F5A00666169 /* Frameworks */,
				59374585241E5F5A00666169 /* Resources */,
			);
			buildRules = (
			);
			dependencies = (
				59374589241E5F5A00666169 /* PBXTargetDependency */,
			);
			name = "01 - I Am RichTests";
			productName = "01 - I Am RichTests";
			productReference = 59374587241E5F5A00666169 /* 01 - I Am RichTests.xctest */;
			productType = "com.apple.product-type.bundle.unit-test";
		};
		59374591241E5F5A00666169 /* 01 - I Am RichUITests */ = {
			isa = PBXNativeTarget;
			buildConfigurationList = 593745A1241E5F5A00666169 /* Build configuration list for PBXNativeTarget "01 - I Am RichUITests" */;
			buildPhases = (
				5937458E241E5F5A00666169 /* Sources */,
				5937458F241E5F5A00666169 /* Frameworks */,
				59374590241E5F5A00666169 /* Resources */,
			);
			buildRules = (
			);
			dependencies = (
				59374594241E5F5A00666169 /* PBXTargetDependency */,
			);
			name = "01 - I Am RichUITests";
			productName = "01 - I Am RichUITests";
			productReference = 59374592241E5F5A00666169 /* 01 - I Am RichUITests.xctest */;
			productType = "com.apple.product-type.bundle.ui-testing";
		};
/* End PBXNativeTarget section */

/* Begin PBXProject section */
		59374569241E5F5900666169 /* Project object */ = {
			isa = PBXProject;
			attributes = {
				LastSwiftUpdateCheck = 1130;
				LastUpgradeCheck = 1130;
				ORGANIZATIONNAME = "Javier Plaza Sisqués";
				TargetAttributes = {
					59374570241E5F5900666169 = {
						CreatedOnToolsVersion = 11.3.1;
					};
					59374586241E5F5A00666169 = {
						CreatedOnToolsVersion = 11.3.1;
						TestTargetID = 59374570241E5F5900666169;
					};
					59374591241E5F5A00666169 = {
						CreatedOnToolsVersion = 11.3.1;
						TestTargetID = 59374570241E5F5900666169;
					};
				};
			};
			buildConfigurationList = 5937456C241E5F5900666169 /* Build configuration list for PBXProject "01 - I Am Rich" */;
			compatibilityVersion = "Xcode 9.3";
			developmentRegion = en;
			hasScannedForEncodings = 0;
			knownRegions = (
				en,
				Base,
			);
			mainGroup = 59374568241E5F5900666169;
			productRefGroup = 59374572241E5F5900666169 /* Products */;
			projectDirPath = "";
			projectRoot = "";
			targets = (
				59374570241E5F5900666169 /* 01 - I Am Rich */,
				59374586241E5F5A00666169 /* 01 - I Am RichTests */,
				59374591241E5F5A00666169 /* 01 - I Am RichUITests */,
			);
		};
/* End PBXProject section */

/* Begin PBXResourcesBuildPhase section */
		5937456F241E5F5900666169 /* Resources */ = {
			isa = PBXResourcesBuildPhase;
			buildActionMask = 2147483647;
			files = (
				59374581241E5F5900666169 /* LaunchScreen.storyboard in Resources */,
				5937457E241E5F5900666169 /* Assets.xcassets in Resources */,
				5937457C241E5F5900666169 /* Main.storyboard in Resources */,
			);
			runOnlyForDeploymentPostprocessing = 0;
		};
		59374585241E5F5A00666169 /* Resources */ = {
			isa = PBXResourcesBuildPhase;
			buildActionMask = 2147483647;
			files = (
			);
			runOnlyForDeploymentPostprocessing = 0;
		};
		59374590241E5F5A00666169 /* Resources */ = {
			isa = PBXResourcesBuildPhase;
			buildActionMask = 2147483647;
			files = (
			);
			runOnlyForDeploymentPostprocessing = 0;
		};
/* End PBXResourcesBuildPhase section */

/* Begin PBXSourcesBuildPhase section */
		5937456D241E5F5900666169 /* Sources */ = {
			isa = PBXSourcesBuildPhase;
			buildActionMask = 2147483647;
			files = (
				59374579241E5F5900666169 /* ViewController.swift in Sources */,
				59374575241E5F5900666169 /* AppDelegate.swift in Sources */,
				59374577241E5F5900666169 /* SceneDelegate.swift in Sources */,
			);
			runOnlyForDeploymentPostprocessing = 0;
		};
		59374583241E5F5A00666169 /* Sources */ = {
			isa = PBXSourcesBuildPhase;
			buildActionMask = 2147483647;
			files = (
				5937458C241E5F5A00666169 /* iamrichtest.swift in Sources */,
			);
			runOnlyForDeploymentPostprocessing = 0;
		};
		5937458E241E5F5A00666169 /* Sources */ = {
			isa = PBXSourcesBuildPhase;
			buildActionMask = 2147483647;
			files = (
				59374597241E5F5A00666169 /* _1___I_Am_RichUITests.swift in Sources */,
			);
			runOnlyForDeploymentPostprocessing = 0;
		};
/* End PBXSourcesBuildPhase section */

/* Begin PBXTargetDependency section */
		59374589241E5F5A00666169 /* PBXTargetDependency */ = {
			isa = PBXTargetDependency;
			target = 59374570241E5F5900666169 /* 01 - I Am Rich */;
			targetProxy = 59374588241E5F5A00666169 /* PBXContainerItemProxy */;
		};
		59374594241E5F5A00666169 /* PBXTargetDependency */ = {
			isa = PBXTargetDependency;
			target = 59374570241E5F5900666169 /* 01 - I Am Rich */;
			targetProxy = 59374593241E5F5A00666169 /* PBXContainerItemProxy */;
		};
/* End PBXTargetDependency section */

/* Begin PBXVariantGroup section */
		5937457A241E5F5900666169 /* Main.storyboard */ = {
			isa = PBXVariantGroup;
			children = (
				5937457B241E5F5900666169 /* Base */,
			);
			name = Main.storyboard;
			sourceTree = "<group>";
		};
		5937457F241E5F5900666169 /* LaunchScreen.storyboard */ = {
			isa = PBXVariantGroup;
			children = (
				59374580241E5F5900666169 /* Base */,
			);
			name = LaunchScreen.storyboard;
			sourceTree = "<group>";
		};
/* End PBXVariantGroup section */

/* Begin XCBuildConfiguration section */
		59374599241E5F5A00666169 /* Debug */ = {
			isa = XCBuildConfiguration;
			buildSettings = {
				ALWAYS_SEARCH_USER_PATHS = NO;
				CLANG_ANALYZER_NONNULL = YES;
				CLANG_ANALYZER_NUMBER_OBJECT_CONVERSION = YES_AGGRESSIVE;
				CLANG_CXX_LANGUAGE_STANDARD = "gnu++14";
				CLANG_CXX_LIBRARY = "libc++";
				CLANG_ENABLE_MODULES = YES;
				CLANG_ENABLE_OBJC_ARC = YES;
				CLANG_ENABLE_OBJC_WEAK = YES;
				CLANG_WARN_BLOCK_CAPTURE_AUTORELEASING = YES;
				CLANG_WARN_BOOL_CONVERSION = YES;
				CLANG_WARN_COMMA = YES;
				CLANG_WARN_CONSTANT_CONVERSION = YES;
				CLANG_WARN_DEPRECATED_OBJC_IMPLEMENTATIONS = YES;
				CLANG_WARN_DIRECT_OBJC_ISA_USAGE = YES_ERROR;
				CLANG_WARN_DOCUMENTATION_COMMENTS = YES;
				CLANG_WARN_EMPTY_BODY = YES;
				CLANG_WARN_ENUM_CONVERSION = YES;
				CLANG_WARN_INFINITE_RECURSION = YES;
				CLANG_WARN_INT_CONVERSION = YES;
				CLANG_WARN_NON_LITERAL_NULL_CONVERSION = YES;
				CLANG_WARN_OBJC_IMPLICIT_RETAIN_SELF = YES;
				CLANG_WARN_OBJC_LITERAL_CONVERSION = YES;
				CLANG_WARN_OBJC_ROOT_CLASS = YES_ERROR;
				CLANG_WARN_RANGE_LOOP_ANALYSIS = YES;
				CLANG_WARN_STRICT_PROTOTYPES = YES;
				CLANG_WARN_SUSPICIOUS_MOVE = YES;
				CLANG_WARN_UNGUARDED_AVAILABILITY = YES_AGGRESSIVE;
				CLANG_WARN_UNREACHABLE_CODE = YES;
				CLANG_WARN__DUPLICATE_METHOD_MATCH = YES;
				COPY_PHASE_STRIP = NO;
				DEBUG_INFORMATION_FORMAT = dwarf;
				ENABLE_STRICT_OBJC_MSGSEND = YES;
				ENABLE_TESTABILITY = YES;
				GCC_C_LANGUAGE_STANDARD = gnu11;
				GCC_DYNAMIC_NO_PIC = NO;
				GCC_NO_COMMON_BLOCKS = YES;
				GCC_OPTIMIZATION_LEVEL = 0;
				GCC_PREPROCESSOR_DEFINITIONS = (
					"DEBUG=1",
					"$(inherited)",
				);
				GCC_WARN_64_TO_32_BIT_CONVERSION = YES;
				GCC_WARN_ABOUT_RETURN_TYPE = YES_ERROR;
				GCC_WARN_UNDECLARED_SELECTOR = YES;
				GCC_WARN_UNINITIALIZED_AUTOS = YES_AGGRESSIVE;
				GCC_WARN_UNUSED_FUNCTION = YES;
				GCC_WARN_UNUSED_VARIABLE = YES;
				IPHONEOS_DEPLOYMENT_TARGET = 13.2;
				MTL_ENABLE_DEBUG_INFO = INCLUDE_SOURCE;
				MTL_FAST_MATH = YES;
				ONLY_ACTIVE_ARCH = YES;
				SDKROOT = iphoneos;
				SWIFT_ACTIVE_COMPILATION_CONDITIONS = DEBUG;
				SWIFT_OPTIMIZATION_LEVEL = "-Onone";
			};
			name = Debug;
		};
		5937459A241E5F5A00666169 /* Release */ = {
			isa = XCBuildConfiguration;
			buildSettings = {
				ALWAYS_SEARCH_USER_PATHS = NO;
				CLANG_ANALYZER_NONNULL = YES;
				CLANG_ANALYZER_NUMBER_OBJECT_CONVERSION = YES_AGGRESSIVE;
				CLANG_CXX_LANGUAGE_STANDARD = "gnu++14";
				CLANG_CXX_LIBRARY = "libc++";
				CLANG_ENABLE_MODULES = YES;
				CLANG_ENABLE_OBJC_ARC = YES;
				CLANG_ENABLE_OBJC_WEAK = YES;
				CLANG_WARN_BLOCK_CAPTURE_AUTORELEASING = YES;
				CLANG_WARN_BOOL_CONVERSION = YES;
				CLANG_WARN_COMMA = YES;
				CLANG_WARN_CONSTANT_CONVERSION = YES;
				CLANG_WARN_DEPRECATED_OBJC_IMPLEMENTATIONS = YES;
				CLANG_WARN_DIRECT_OBJC_ISA_USAGE = YES_ERROR;
				CLANG_WARN_DOCUMENTATION_COMMENTS = YES;
				CLANG_WARN_EMPTY_BODY = YES;
				CLANG_WARN_ENUM_CONVERSION = YES;
				CLANG_WARN_INFINITE_RECURSION = YES;
				CLANG_WARN_INT_CONVERSION = YES;
				CLANG_WARN_NON_LITERAL_NULL_CONVERSION = YES;
				CLANG_WARN_OBJC_IMPLICIT_RETAIN_SELF = YES;
				CLANG_WARN_OBJC_LITERAL_CONVERSION = YES;
				CLANG_WARN_OBJC_ROOT_CLASS = YES_ERROR;
				CLANG_WARN_RANGE_LOOP_ANALYSIS = YES;
				CLANG_WARN_STRICT_PROTOTYPES = YES;
				CLANG_WARN_SUSPICIOUS_MOVE = YES;
				CLANG_WARN_UNGUARDED_AVAILABILITY = YES_AGGRESSIVE;
				CLANG_WARN_UNREACHABLE_CODE = YES;
				CLANG_WARN__DUPLICATE_METHOD_MATCH = YES;
				COPY_PHASE_STRIP = NO;
				DEBUG_INFORMATION_FORMAT = "dwarf-with-dsym";
				ENABLE_NS_ASSERTIONS = NO;
				ENABLE_STRICT_OBJC_MSGSEND = YES;
				GCC_C_LANGUAGE_STANDARD = gnu11;
				GCC_NO_COMMON_BLOCKS = YES;
				GCC_WARN_64_TO_32_BIT_CONVERSION = YES;
				GCC_WARN_ABOUT_RETURN_TYPE = YES_ERROR;
				GCC_WARN_UNDECLARED_SELECTOR = YES;
				GCC_WARN_UNINITIALIZED_AUTOS = YES_AGGRESSIVE;
				GCC_WARN_UNUSED_FUNCTION = YES;
				GCC_WARN_UNUSED_VARIABLE = YES;
				IPHONEOS_DEPLOYMENT_TARGET = 13.2;
				MTL_ENABLE_DEBUG_INFO = NO;
				MTL_FAST_MATH = YES;
				SDKROOT = iphoneos;
				SWIFT_COMPILATION_MODE = wholemodule;
				SWIFT_OPTIMIZATION_LEVEL = "-O";
				VALIDATE_PRODUCT = YES;
			};
			name = Release;
		};
		5937459C241E5F5A00666169 /* Debug */ = {
			isa = XCBuildConfiguration;
			buildSettings = {
				ASSETCATALOG_COMPILER_APPICON_NAME = AppIcon;
				CODE_SIGN_STYLE = Automatic;
				DEVELOPMENT_TEAM = 3ZL99PQC29;
				INFOPLIST_FILE = "01 - I Am Rich/Info.plist";
				LD_RUNPATH_SEARCH_PATHS = (
					"$(inherited)",
					"@executable_path/Frameworks",
				);
				PRODUCT_BUNDLE_IDENTIFIER = com.javierplazasisques.iamrich;
				PRODUCT_NAME = "$(TARGET_NAME)";
				SWIFT_VERSION = 5.0;
				TARGETED_DEVICE_FAMILY = "1,2";
			};
			name = Debug;
		};
		5937459D241E5F5A00666169 /* Release */ = {
			isa = XCBuildConfiguration;
			buildSettings = {
				ASSETCATALOG_COMPILER_APPICON_NAME = AppIcon;
				CODE_SIGN_STYLE = Automatic;
				DEVELOPMENT_TEAM = 3ZL99PQC29;
				INFOPLIST_FILE = "01 - I Am Rich/Info.plist";
				LD_RUNPATH_SEARCH_PATHS = (
					"$(inherited)",
					"@executable_path/Frameworks",
				);
				PRODUCT_BUNDLE_IDENTIFIER = com.javierplazasisques.iamrich;
				PRODUCT_NAME = "$(TARGET_NAME)";
				SWIFT_VERSION = 5.0;
				TARGETED_DEVICE_FAMILY = "1,2";
			};
			name = Release;
		};
		5937459F241E5F5A00666169 /* Debug */ = {
			isa = XCBuildConfiguration;
			buildSettings = {
				ALWAYS_EMBED_SWIFT_STANDARD_LIBRARIES = YES;
				BUNDLE_LOADER = "$(TEST_HOST)";
				CODE_SIGN_STYLE = Automatic;
				DEVELOPMENT_TEAM = 3ZL99PQC29;
				INFOPLIST_FILE = "01 - I Am RichTests/Info.plist";
				IPHONEOS_DEPLOYMENT_TARGET = 13.2;
				LD_RUNPATH_SEARCH_PATHS = (
					"$(inherited)",
					"@executable_path/Frameworks",
					"@loader_path/Frameworks",
				);
				PRODUCT_BUNDLE_IDENTIFIER = "com.javierplazasisques.-1---I-Am-RichTests";
				PRODUCT_NAME = "$(TARGET_NAME)";
				SWIFT_VERSION = 5.0;
				TARGETED_DEVICE_FAMILY = "1,2";
				TEST_HOST = "$(BUILT_PRODUCTS_DIR)/01 - I Am Rich.app/01 - I Am Rich";
			};
			name = Debug;
		};
		593745A0241E5F5A00666169 /* Release */ = {
			isa = XCBuildConfiguration;
			buildSettings = {
				ALWAYS_EMBED_SWIFT_STANDARD_LIBRARIES = YES;
				BUNDLE_LOADER = "$(TEST_HOST)";
				CODE_SIGN_STYLE = Automatic;
				DEVELOPMENT_TEAM = 3ZL99PQC29;
				INFOPLIST_FILE = "01 - I Am RichTests/Info.plist";
				IPHONEOS_DEPLOYMENT_TARGET = 13.2;
				LD_RUNPATH_SEARCH_PATHS = (
					"$(inherited)",
					"@executable_path/Frameworks",
					"@loader_path/Frameworks",
				);
				PRODUCT_BUNDLE_IDENTIFIER = "com.javierplazasisques.-1---I-Am-RichTests";
				PRODUCT_NAME = "$(TARGET_NAME)";
				SWIFT_VERSION = 5.0;
				TARGETED_DEVICE_FAMILY = "1,2";
				TEST_HOST = "$(BUILT_PRODUCTS_DIR)/01 - I Am Rich.app/01 - I Am Rich";
			};
			name = Release;
		};
		593745A2241E5F5A00666169 /* Debug */ = {
			isa = XCBuildConfiguration;
			buildSettings = {
				ALWAYS_EMBED_SWIFT_STANDARD_LIBRARIES = YES;
				CODE_SIGN_STYLE = Automatic;
				DEVELOPMENT_TEAM = 3ZL99PQC29;
				INFOPLIST_FILE = "01 - I Am RichUITests/Info.plist";
				LD_RUNPATH_SEARCH_PATHS = (
					"$(inherited)",
					"@executable_path/Frameworks",
					"@loader_path/Frameworks",
				);
				PRODUCT_BUNDLE_IDENTIFIER = "com.javierplazasisques.-1---I-Am-RichUITests";
				PRODUCT_NAME = "$(TARGET_NAME)";
				SWIFT_VERSION = 5.0;
				TARGETED_DEVICE_FAMILY = "1,2";
				TEST_TARGET_NAME = "01 - I Am Rich";
			};
			name = Debug;
		};
		593745A3241E5F5A00666169 /* Release */ = {
			isa = XCBuildConfiguration;
			buildSettings = {
				ALWAYS_EMBED_SWIFT_STANDARD_LIBRARIES = YES;
				CODE_SIGN_STYLE = Automatic;
				DEVELOPMENT_TEAM = 3ZL99PQC29;
				INFOPLIST_FILE = "01 - I Am RichUITests/Info.plist";
				LD_RUNPATH_SEARCH_PATHS = (
					"$(inherited)",
					"@executable_path/Frameworks",
					"@loader_path/Frameworks",
				);
				PRODUCT_BUNDLE_IDENTIFIER = "com.javierplazasisques.-1---I-Am-RichUITests";
				PRODUCT_NAME = "$(TARGET_NAME)";
				SWIFT_VERSION = 5.0;
				TARGETED_DEVICE_FAMILY = "1,2";
				TEST_TARGET_NAME = "01 - I Am Rich";
			};
			name = Release;
		};
/* End XCBuildConfiguration section */

/* Begin XCConfigurationList section */
		5937456C241E5F5900666169 /* Build configuration list for PBXProject "01 - I Am Rich" */ = {
			isa = XCConfigurationList;
			buildConfigurations = (
				59374599241E5F5A00666169 /* Debug */,
				5937459A241E5F5A00666169 /* Release */,
			);
			defaultConfigurationIsVisible = 0;
			defaultConfigurationName = Release;
		};
		5937459B241E5F5A00666169 /* Build configuration list for PBXNativeTarget "01 - I Am Rich" */ = {
			isa = XCConfigurationList;
			buildConfigurations = (
				5937459C241E5F5A00666169 /* Debug */,
				5937459D241E5F5A00666169 /* Release */,
			);
			defaultConfigurationIsVisible = 0;
			defaultConfigurationName = Release;
		};
		5937459E241E5F5A00666169 /* Build configuration list for PBXNativeTarget "01 - I Am RichTests" */ = {
			isa = XCConfigurationList;
			buildConfigurations = (
				5937459F241E5F5A00666169 /* Debug */,
				593745A0241E5F5A00666169 /* Release */,
			);
			defaultConfigurationIsVisible = 0;
			defaultConfigurationName = Release;
		};
		593745A1241E5F5A00666169 /* Build configuration list for PBXNativeTarget "01 - I Am RichUITests" */ = {
			isa = XCConfigurationList;
			buildConfigurations = (
				593745A2241E5F5A00666169 /* Debug */,
				593745A3241E5F5A00666169 /* Release */,
			);
			defaultConfigurationIsVisible = 0;
			defaultConfigurationName = Release;
		};
/* End XCConfigurationList section */
	};
	rootObject = 59374569241E5F5900666169 /* Project object */;
}
